
Microsoft Visual Studio Solution File, Format Version 12.00
# Visual Studio Version 16
VisualStudioVersion = 16.0.32428.217
MinimumVisualStudioVersion = 10.0.40219.1
Project("{F184B08F-C81C-45F6-A57F-5ABD9991F28F}") = "VB-SQL WinApp Example", "VB-SQL WinApp Example\VB-SQL WinApp Example.vbproj", "{6B6004CD-DAB6-4401-858B-CE2403618A6F}"
EndProject
Global
	GlobalSection(SolutionConfigurationPlatforms) = preSolution
		Debug|Any CPU = Debug|Any CPU
		Release|Any CPU = Release|Any CPU
	EndGlobalSection
	GlobalSection(ProjectConfigurationPlatforms) = postSolution
		{6B6004CD-DAB6-4401-858B-CE2403618A6F}.Debug|Any CPU.ActiveCfg = Debug|Any CPU
		{6B6004CD-DAB6-4401-858B-CE2403618A6F}.Debug|Any CPU.Build.0 = Debug|Any CPU
		{6B6004CD-DAB6-4401-858B-CE2403618A6F}.Release|Any CPU.ActiveCfg = Release|Any CPU
		{6B6004CD-DAB6-4401-858B-CE2403618A6F}.Release|Any CPU.Build.0 = Release|Any CPU
	EndGlobalSection
	GlobalSection(SolutionProperties) = preSolution
		HideSolutionNode = FALSE
	EndGlobalSection
	GlobalSection(ExtensibilityGlobals) = postSolution
		SolutionGuid = {76BBFC7C-0C42-4E68-8DDA-7CAF35C874C5}
	EndGlobalSection
EndGlobal
